{
  "lockfileVersion": 1,
  "configVersion": 1,
  "workspaces": {
    "": {
      "name": "@tutkli/jikan-ts",
      "devDependencies": {
        "@types/bun": "1.3.14",
        "@types/node": "26.2.0",
        "conventional-changelog-cli": "5.0.0",
        "ky": "1.14.3",
        "lint-staged": "17.3.0",
        "oxfmt": "0.64.0",
        "oxlint": "1.79.0",
        "typescript": "7.0.2",
      },
      "peerDependencies": {
        "ky": "^1.7.0",
      },
      "optionalPeers": [
        "ky",
      ],
    },
  },
  "packages": {
    "@babel/code-frame": ["@babel/code-frame@7.29.0", "", { "dependencies": { "@babel/helper-validator-identifier": "^7.28.5", "js-tokens": "^4.0.0", "picocolors": "^1.1.1" } }, "sha512-9NhCeYjq9+3uxgdtp20LSiJXJvN0FeCtNGpJxuMFZ1Kv3cWUNb6DOhJwUvcVCzKGR66cw4njwM6hrJLqgOwbcw=="],

    "@babel/helper-validator-identifier": ["@babel/helper-validator-identifier@7.28.5", "", {}, "sha512-qSs4ifwzKJSV39ucNjsvc6WVHs6b7S03sOh2OcHF9UHfVPqWWALUsNUVzhSBiItjRZoLHx7nIarVjqKVusUZ1Q=="],

    "@conventional-changelog/git-client": ["@conventional-changelog/git-client@2.6.0", "", { "dependencies": { "@simple-libs/child-process-utils": "^1.0.0", "@simple-libs/stream-utils": "^1.2.0", "semver": "^7.5.2" }, "peerDependencies": { "conventional-commits-filter": "^5.0.0", "conventional-commits-parser": "^6.3.0" }, "optionalPeers": ["conventional-commits-filter", "conventional-commits-parser"] }, "sha512-T+uPDciKf0/ioNNDpMGc8FDsehJClZP0yR3Q5MN6wE/Y/1QZ7F+80OgznnTCOlMEG4AV0LvH2UJi3C/nBnaBUg=="],

    "@hutson/parse-repository-url": ["@hutson/parse-repository-url@5.0.0", "", {}, "sha512-e5+YUKENATs1JgYHMzTr2MW/NDcXGfYFAuOQU8gJgF/kEh4EqKgfGrfLI67bMD4tbhZVlkigz/9YYwWcbOFthg=="],

    "@oxfmt/binding-android-arm-eabi": ["@oxfmt/binding-android-arm-eabi@0.64.0", "", { "os": "android", "cpu": "arm" }, "sha512-o6uzh/jTOQeAY5TdkAeXdqv7MBRcPxiRA08zrcBtkKj5cSu/FMu0Hl7Q6Fi1KCKyCWZ6lJVjBzdsJvsKltUsGQ=="],

    "@oxfmt/binding-android-arm64": ["@oxfmt/binding-android-arm64@0.64.0", "", { "os": "android", "cpu": "arm64" }, "sha512-jRGSUeeP7p3Gynw2YaCVtjBIA6ZxY6bEB/ES5i54OhqmRTyuVg7ZgstEtzgq6GOAJd+2QZ5pvf+bFfmW5Mp9cw=="],

    "@oxfmt/binding-darwin-arm64": ["@oxfmt/binding-darwin-arm64@0.64.0", "", { "os": "darwin", "cpu": "arm64" }, "sha512-JINwtU2lW7nOFSqi+H2qplipNUqah9Gc1jgGmB82kTD4UnZrZIVxCJ9qEmFiKfjNq27gYLFhrUb0to86aCwMjw=="],

    "@oxfmt/binding-darwin-x64": ["@oxfmt/binding-darwin-x64@0.64.0", "", { "os": "darwin", "cpu": "x64" }, "sha512-gCmuswrgrOSajV4HCRFkVCGIruPq8bjYuPYgSE2WQB3mD6XrdyZ3JMSRZCkQ8zCxOyGWriBo6QoZ5nmMHQ1BfA=="],

    "@oxfmt/binding-freebsd-x64": ["@oxfmt/binding-freebsd-x64@0.64.0", "", { "os": "freebsd", "cpu": "x64" }, "sha512-Ab8g7a38pT0MMImjh7anRSTve6buWBIlcXIFBYa5xl4s6UxEgKSc2xOOhbGtLwvXnEi2PsEDGoJh3oUU7xkehQ=="],

    "@oxfmt/binding-linux-arm-gnueabihf": ["@oxfmt/binding-linux-arm-gnueabihf@0.64.0", "", { "os": "linux", "cpu": "arm" }, "sha512-BgvS3CoQ+Xy2deoZqEN8JVKabcCZi2RxA3yant8G9OAv9KuPJ9TCjHkqigzdHUVwErZxEP5d2bzLIEyKYyBDLg=="],

    "@oxfmt/binding-linux-arm-musleabihf": ["@oxfmt/binding-linux-arm-musleabihf@0.64.0", "", { "os": "linux", "cpu": "arm" }, "sha512-QXpNxwoMj0YvnceCNZadNSden3bIcnvjn/sDp/rwZhRoZoZYGpHvtPyhGsdJz9uvT9GkaMW7SsLddurU56dt8w=="],

    "@oxfmt/binding-linux-arm64-gnu": ["@oxfmt/binding-linux-arm64-gnu@0.64.0", "", { "os": "linux", "cpu": "arm64" }, "sha512-BBgH3I1ppDsI5pZ4Pdhw0ceYxwVCfbU/bZEBCeZ6caRS9x0ZabErxubP7riGUn11PXZBhe8DYdjkDKP1FlVQ5w=="],

    "@oxfmt/binding-linux-arm64-musl": ["@oxfmt/binding-linux-arm64-musl@0.64.0", "", { "os": "linux", "cpu": "arm64" }, "sha512-v19HSjC/BGXdt26qEvKZtwAHgGmQ2Agcap2kQP+KIqoRZqivVzYth3ui2dJA1i+6/fjpjga85lIOaJJjQ/bOOw=="],

    "@oxfmt/binding-linux-ppc64-gnu": ["@oxfmt/binding-linux-ppc64-gnu@0.64.0", "", { "os": "linux", "cpu": "ppc64" }, "sha512-PElLnOo4xFTBZrxPhgTIj0eHqZXwEBQoNWtb7facUV170T0B0FRET0iNbb3LUeLWTybkUW+vsdyv4ihOdyXGyw=="],

    "@oxfmt/binding-linux-riscv64-gnu": ["@oxfmt/binding-linux-riscv64-gnu@0.64.0", "", { "os": "linux", "cpu": "none" }, "sha512-Qzsg15n4F5CH+MorcRW4MkAEMiLzXmeG+DiDSbP/bBTqCmWOH3K9DHryNrve+JHlV0txS+B6Z9P5Xz+cmWeL+g=="],

    "@oxfmt/binding-linux-riscv64-musl": ["@oxfmt/binding-linux-riscv64-musl@0.64.0", "", { "os": "linux", "cpu": "none" }, "sha512-/GZ358wnQ/Ez4UVnCcZIi56JkY0sOdZ+B108pqXKqZz3jLS59F4KEAB1Qv3fRlObrFEk+3L2vUQ/xoPx+3vjXw=="],

    "@oxfmt/binding-linux-s390x-gnu": ["@oxfmt/binding-linux-s390x-gnu@0.64.0", "", { "os": "linux", "cpu": "s390x" }, "sha512-/C9We3DXegowfLXtVCYHeNiU9azwCDr5cQkEtCVlc74vyn+lLQSPApJ1CZmxAduqeq/Oi3gQ+IVptyhCaTMtkQ=="],

    "@oxfmt/binding-linux-x64-gnu": ["@oxfmt/binding-linux-x64-gnu@0.64.0", "", { "os": "linux", "cpu": "x64" }, "sha512-91KM2CeRWscIEHlj1NsW2WSnzGeq1Ehq+39bfDowTdkn+fcvK/x4Y1RcyqT7glyBjZio0ldkeCG6Usj3v7ASog=="],

    "@oxfmt/binding-linux-x64-musl": ["@oxfmt/binding-linux-x64-musl@0.64.0", "", { "os": "linux", "cpu": "x64" }, "sha512-gw7uEk9I+7zoT1EYLra1eWArIzNcz8e3jkv+Noo2+o2T7wPvsNSQbfoa4DSfZlvn1i6mJ05RiZ4/omaXPDNhQg=="],

    "@oxfmt/binding-openharmony-arm64": ["@oxfmt/binding-openharmony-arm64@0.64.0", "", { "os": "none", "cpu": "arm64" }, "sha512-HYHFf616FHSPSO07c09mjmXBfQ73wIVM3m0txOiooa5XZkGoxFd6B14PVj0LB0DXIqJ6wAO/dDR/NX/5UUaqnw=="],

    "@oxfmt/binding-win32-arm64-msvc": ["@oxfmt/binding-win32-arm64-msvc@0.64.0", "", { "os": "win32", "cpu": "arm64" }, "sha512-uQjFp081IZSWD6VAofX2iO2z01awAdHmfC+NrieWIPKrT2hZKQDyq/U18M7ifC0sm0Wz8aHY/p6+FDYIzs/CrQ=="],

    "@oxfmt/binding-win32-ia32-msvc": ["@oxfmt/binding-win32-ia32-msvc@0.64.0", "", { "os": "win32", "cpu": "ia32" }, "sha512-lNM6byTAQ881jugzFu8juJTbNRgsUTlswMA6pJmwi1XDvmIqnnb49lcUAs5gz94fCJLrVN+/X3s3jOKqx23WIQ=="],

    "@oxfmt/binding-win32-x64-msvc": ["@oxfmt/binding-win32-x64-msvc@0.64.0", "", { "os": "win32", "cpu": "x64" }, "sha512-BtmbtL/QjMtF1a6C3CqoDluH2IfB6fJt62E+B9RFfUPtFk4Iz9PFS6+y/SzzOvSxc7aUk2Kphwg7Dh8lMbwu6g=="],

    "@oxlint/binding-android-arm-eabi": ["@oxlint/binding-android-arm-eabi@1.79.0", "", { "os": "android", "cpu": "arm" }, "sha512-TebFaaMklO/RXzTv7PucaCq9l3X6D1gA+C8H6K4njtjFOV+zWE9MKLpulcJZN9bzytbUbQIY0mZuz12nQ5Kv4Q=="],

    "@oxlint/binding-android-arm64": ["@oxlint/binding-android-arm64@1.79.0", "", { "os": "android", "cpu": "arm64" }, "sha512-KqqnOtAVgNsPPF0YSodkFZA1O80jcKoCZCTu3bgsszxA+MrMP9TLzfXitKjEj1FmrPprKDMdRDMmY3weESO9sg=="],

    "@oxlint/binding-darwin-arm64": ["@oxlint/binding-darwin-arm64@1.79.0", "", { "os": "darwin", "cpu": "arm64" }, "sha512-BVC2nsMzqQzRDPc5RhixkZ+m1p7iH4bxRRvqkbwDXX0PlQKm1BPy8J8cRjnAFafOq2QzI+BfO3vE8w2GZ3CBag=="],

    "@oxlint/binding-darwin-x64": ["@oxlint/binding-darwin-x64@1.79.0", "", { "os": "darwin", "cpu": "x64" }, "sha512-p6Lm+snmhGuLKL1+CpCV8L6ijkE/qJzK2H2jG9+eKJT0n31RbY4FLsdhexekgP3bLpw4Kgde+9DZuDZQ4yIInA=="],

    "@oxlint/binding-freebsd-x64": ["@oxlint/binding-freebsd-x64@1.79.0", "", { "os": "freebsd", "cpu": "x64" }, "sha512-qDMm0dXZnoHyRqSL4N4xUq82T4sqK5cbKSjvd/dF/YbMUXc2R1wEPf+vmA5S0qUmi0nwXfNbjXBtZaIqzQLIMg=="],

    "@oxlint/binding-linux-arm-gnueabihf": ["@oxlint/binding-linux-arm-gnueabihf@1.79.0", "", { "os": "linux", "cpu": "arm" }, "sha512-2od7s0nuKPzqyUZAWk9KkCyGg7eI9dwFPZg+20lB15fKFkVZ0c9ZFxqPfiBAyDTlTkh9stPI0t+JlPCqMbItVA=="],

    "@oxlint/binding-linux-arm-musleabihf": ["@oxlint/binding-linux-arm-musleabihf@1.79.0", "", { "os": "linux", "cpu": "arm" }, "sha512-ZOQUjkzDnvlhSE3+tWC3YXx94MMl+sYMlwH+u1+YGApGHOJP/YAc8ZBRFOXZ6eOBmxtXAWuS/fBcdZr8qqNO1A=="],

    "@oxlint/binding-linux-arm64-gnu": ["@oxlint/binding-linux-arm64-gnu@1.79.0", "", { "os": "linux", "cpu": "arm64" }, "sha512-lu158FR4nGqGeRS3BQvtG85wRgU/Fy4MD5Cxp1hzJXizGiLo6u2742wJSCDKh8cFcZntvX7fcxlq4mMmfryH1g=="],

    "@oxlint/binding-linux-arm64-musl": ["@oxlint/binding-linux-arm64-musl@1.79.0", "", { "os": "linux", "cpu": "arm64" }, "sha512-mbpKQeE2aflTjddaHK7MP8KP/OFbUM++lt5M635ENM8IyIdK0jm2t9pb+2v9mVVIvhF6TqA4l7F79Pll1mi+uw=="],

    "@oxlint/binding-linux-ppc64-gnu": ["@oxlint/binding-linux-ppc64-gnu@1.79.0", "", { "os": "linux", "cpu": "ppc64" }, "sha512-WpGNua7gaxaHnpSDeog2ji8IDHn/QLPl9LPzwkR/FvVv58vT5BcXjRXnU+wbu3N75cpeha8CdC7ho/U2OIsB4g=="],

    "@oxlint/binding-linux-riscv64-gnu": ["@oxlint/binding-linux-riscv64-gnu@1.79.0", "", { "os": "linux", "cpu": "none" }, "sha512-tK1E93A5LVzISg4ngpKJnfTs7EqtIUceGI7MQ4GyDjJiLi8wPCkEyKlj2xkyKWZ1yzkDJyLHTBJ5/iFWRdnJvg=="],

    "@oxlint/binding-linux-riscv64-musl": ["@oxlint/binding-linux-riscv64-musl@1.79.0", "", { "os": "linux", "cpu": "none" }, "sha512-qhQvUIrngXivA2A9pQ+xPCychztn/5qUv7yS3gDwXv3w7Rag+eTeeXWmRyx+t7XsW5x6LuY/8AsTq36UgFIblg=="],

    "@oxlint/binding-linux-s390x-gnu": ["@oxlint/binding-linux-s390x-gnu@1.79.0", "", { "os": "linux", "cpu": "s390x" }, "sha512-sv6AaVgU/eE6u+6WFiQVDcPPwTxP6IJMSB9k701W2r/r6Tx465e8vPvVyRxquNH4Vy6KwRNu90mVbxXJN8+5gg=="],

    "@oxlint/binding-linux-x64-gnu": ["@oxlint/binding-linux-x64-gnu@1.79.0", "", { "os": "linux", "cpu": "x64" }, "sha512-iFZL02deziHslb3jEX9KdqlAkYoo4fGyotchKDzdfK1f5mxlIBeiQeHhvK3iFpuEJSB4ma/qeFn9oxPiwnhUPQ=="],

    "@oxlint/binding-linux-x64-musl": ["@oxlint/binding-linux-x64-musl@1.79.0", "", { "os": "linux", "cpu": "x64" }, "sha512-3DtZR2raqObnh7wXZoFYFd0Fw7skBvcb3f7A+/lkEiDuh8hrE6vv9b/62Qxao1a9/OeHLw/FcXlXzgsW9wTRFg=="],

    "@oxlint/binding-openharmony-arm64": ["@oxlint/binding-openharmony-arm64@1.79.0", "", { "os": "none", "cpu": "arm64" }, "sha512-Oatt4GuA1WJkqzk2ozx4HrWROOi7opV3AKDw/U8qDIqeTqzsjn5K2x3REJMNjU3/KU/Bkq96Zi3CknaiDTaC/Q=="],

    "@oxlint/binding-win32-arm64-msvc": ["@oxlint/binding-win32-arm64-msvc@1.79.0", "", { "os": "win32", "cpu": "arm64" }, "sha512-NAgZr9Qp8nIA9rpo0JEvwiabTF/2UVqBNnupBG9X4kxXcQoScJUTi+qHhvabb9s/thgj5wQ4XcIaJvb+ZMgoKw=="],

    "@oxlint/binding-win32-ia32-msvc": ["@oxlint/binding-win32-ia32-msvc@1.79.0", "", { "os": "win32", "cpu": "ia32" }, "sha512-+KyXjIvcpaXmWW/j9NNY5yWjrIVxaX18VyIheQy3jwc2GSYgpCr7MGI/HxIGQ/shAL5IWEKbhsqoMpAO5Stiog=="],

    "@oxlint/binding-win32-x64-msvc": ["@oxlint/binding-win32-x64-msvc@1.79.0", "", { "os": "win32", "cpu": "x64" }, "sha512-mEelcCMMBS57sIXh2veGMNy+pQwuGtcMxHxGIZWQ5Ba9pJ5jCCUFOZB9E2JhBaxGsURe+WGe0zJp4RVre52gpQ=="],

    "@simple-libs/child-process-utils": ["@simple-libs/child-process-utils@1.0.2", "", { "dependencies": { "@simple-libs/stream-utils": "^1.2.0" } }, "sha512-/4R8QKnd/8agJynkNdJmNw2MBxuFTRcNFnE5Sg/G+jkSsV8/UBgULMzhizWWW42p8L5H7flImV2ATi79Ove2Tw=="],

    "@simple-libs/stream-utils": ["@simple-libs/stream-utils@1.2.0", "", {}, "sha512-KxXvfapcixpz6rVEB6HPjOUZT22yN6v0vI0urQSk1L8MlEWPDFCZkhw2xmkyoTGYeFw7tWTZd7e3lVzRZRN/EA=="],

    "@types/bun": ["@types/bun@1.3.14", "", { "dependencies": { "bun-types": "1.3.14" } }, "sha512-h1hFqFVcvAvD9j9K7ZW7vd82aSA+rTdznZa+5bwvCwqSB1jmmfLcbIWhOLx1/+boy/xmjgCs/OMUL8hRJSmnPw=="],

    "@types/node": ["@types/node@26.2.0", "", { "dependencies": { "undici-types": "~8.3.0" } }, "sha512-5IviulTZeRNp2vAJ514cc/HUlY5nZ9fCbq9DMyC52BrhFZACo3nI0R7qBxhQmo/d27NFe96ur/b7Wwxklda+kg=="],

    "@types/normalize-package-data": ["@types/normalize-package-data@2.4.4", "", {}, "sha512-37i+OaWTh9qeK4LSHPsyRC7NahnGotNuZvjLSgcPzblpHB3rrCJxAOgI5gCdKm7coonsaX1Of0ILiTcnZjbfxA=="],

    "@typescript/typescript-aix-ppc64": ["@typescript/typescript-aix-ppc64@7.0.2", "", { "os": "aix", "cpu": "ppc64" }, "sha512-MTKKkWB7p/0E9xi1d1tHtZ5PiLkGEMIq88pK2CubZjOsLtYTLqhgIgi6zepFa+9GHZ6h05NMCkQxGKiPXMxXtQ=="],

    "@typescript/typescript-darwin-arm64": ["@typescript/typescript-darwin-arm64@7.0.2", "", { "os": "darwin", "cpu": "arm64" }, "sha512-gowzar9MwS/aRWp6f3a4KUqzRjAZjOsmGNCM6LcTgXum+dBfgsBVMN+AgvOCCbguXyick6LJhpBszxMebJ8syA=="],

    "@typescript/typescript-darwin-x64": ["@typescript/typescript-darwin-x64@7.0.2", "", { "os": "darwin", "cpu": "x64" }, "sha512-SZ9xZInqApNlNGc9s0W1VSsktYSOe9cFqNOIqmN1Gs8SmkjKZYFt017G4VwPxASInODuAdbTW7sXiFUf893RgA=="],

    "@typescript/typescript-freebsd-arm64": ["@typescript/typescript-freebsd-arm64@7.0.2", "", { "os": "freebsd", "cpu": "arm64" }, "sha512-W5NH4y/J0plIIS5b2xvTEkU7JFxyqdMAOgf+Ilhl0vHQXKO5dZoxd+C/jEtq56c4F3wk71RB4BMRQ2XdI+bwYQ=="],

    "@typescript/typescript-freebsd-x64": ["@typescript/typescript-freebsd-x64@7.0.2", "", { "os": "freebsd", "cpu": "x64" }, "sha512-UMGDx5sTpzNw3WiPebH7l90IWfJggEd+egHt/q6p7/Cm3zqoV7VxkGXt+3DxPIw8CcmvAB0j3sVVfbhX+M4Tpw=="],

    "@typescript/typescript-linux-arm": ["@typescript/typescript-linux-arm@7.0.2", "", { "os": "linux", "cpu": "arm" }, "sha512-gffT3xPz9sR7j/YJExkyPntrI0P2EP9XbOyWzth2/Gs0RstK+90RBcO0ncXoXy/beYll1SXw846Nf2zdnEz0QQ=="],

    "@typescript/typescript-linux-arm64": ["@typescript/typescript-linux-arm64@7.0.2", "", { "os": "linux", "cpu": "arm64" }, "sha512-Qh4eU4/y3yDjnfjjyPYihMj5/ODIlmt+Bzu17OI+fiSRDW57QmU5SiN63exPRNJPKUzcc1INa1NXdrJ+MqHjUQ=="],

    "@typescript/typescript-linux-loong64": ["@typescript/typescript-linux-loong64@7.0.2", "", { "os": "linux", "cpu": "none" }, "sha512-uEHck9i8hoAzXPiYRib1O7miOnz23SxIeVl6F4LXox+qov1K35jHcEW6VHKvZI+pyvl7fZEP4MCU5LYvIq1GuQ=="],

    "@typescript/typescript-linux-mips64el": ["@typescript/typescript-linux-mips64el@7.0.2", "", { "os": "linux", "cpu": "none" }, "sha512-R4KvAMnE43W5Qeqb0Ly56O3mWMWIAgsMyz36DCaycd5nbg/9kzm0liw3JocfRqyJY0KPmzFjbswozXyW0DnIYA=="],

    "@typescript/typescript-linux-ppc64": ["@typescript/typescript-linux-ppc64@7.0.2", "", { "os": "linux", "cpu": "ppc64" }, "sha512-DORx5b3sd/4S7eayxm4FQv+A7CrkUIGRaHiwI8oiHTAI1fAPWhF4J0vAlkC8biAlHSVVwxMQ3tjZ2/DVbnQiiA=="],

    "@typescript/typescript-linux-riscv64": ["@typescript/typescript-linux-riscv64@7.0.2", "", { "os": "linux", "cpu": "none" }, "sha512-wf0jqEDOjrPRnKwYRyyJDRo11KMbvMFrU+q4zqKyChODBzvlkbhNQfKvLxQCcwTpdDaXSHZTVuh0JoCrKCUMHQ=="],

    "@typescript/typescript-linux-s390x": ["@typescript/typescript-linux-s390x@7.0.2", "", { "os": "linux", "cpu": "s390x" }, "sha512-IkwJc3L7yhytWd/ewjyxNDfOmswCm9GWMJT/ue/dU4aZNbwZeYAetq42VyLmsmSjvoX7z74X6ZaYCtzAr0EuGw=="],

    "@typescript/typescript-linux-x64": ["@typescript/typescript-linux-x64@7.0.2", "", { "os": "linux", "cpu": "x64" }, "sha512-EYdf2cNg7rgCWJnxCdJ+F3V39O8ihb37eHAu1LK8oAFizgTQbPOK7zHHXbPt8rX24COqODXeI3sIf0fCXG7H/A=="],

    "@typescript/typescript-netbsd-arm64": ["@typescript/typescript-netbsd-arm64@7.0.2", "", { "os": "none", "cpu": "arm64" }, "sha512-+polYF4MF04aPpO5FTkHran9yUQDSXqy5GiSDKpsll5jy3l3+g9QLhpf39T+ePtefhXLOGrLl0QIjkQP6VnelA=="],

    "@typescript/typescript-netbsd-x64": ["@typescript/typescript-netbsd-x64@7.0.2", "", { "os": "none", "cpu": "x64" }, "sha512-8YIT0EHM/3dq10ZOVF/A7pc/YSMtbcecct4rWtexrnSCHOPcpC2KTLXfTCR6vDpnSiY12heNb1GiN/wu+T/FyA=="],

    "@typescript/typescript-openbsd-arm64": ["@typescript/typescript-openbsd-arm64@7.0.2", "", { "os": "openbsd", "cpu": "arm64" }, "sha512-APT8+ClYnuYm1u9+kgGXoMj2VzWzcymwh2gNSQVySHfkRDGOTVkoWLjCmOQSaO+PoqQ57B0flRp9SA+7GnnkzQ=="],

    "@typescript/typescript-openbsd-x64": ["@typescript/typescript-openbsd-x64@7.0.2", "", { "os": "openbsd", "cpu": "x64" }, "sha512-yX7s+Q0Dln0Dt9tEzZsAjXXR/+ytBM7AlglaqyeMPxQszJ1JhlJdZ6jLA+IzldHtflX81em7lDao1xXu+aRRkg=="],

    "@typescript/typescript-sunos-x64": ["@typescript/typescript-sunos-x64@7.0.2", "", { "os": "sunos", "cpu": "x64" }, "sha512-dLJDGaLZ1D4HPQn62u1n8mBDkJREwMsAkCdkwd4Ieqw+x3TUyTsqY0YiBCtE6H6OzzgGk3iuZ3vFWRS+E8/d1g=="],

    "@typescript/typescript-win32-arm64": ["@typescript/typescript-win32-arm64@7.0.2", "", { "os": "win32", "cpu": "arm64" }, "sha512-Gyl1Vy6OsWesLzmq+EP0Fb7b4Nid5232AvcA2SFcdYreldpNtYFFofPjnt62y9hQy7VTaZp65ICJjuAQRaVcIQ=="],

    "@typescript/typescript-win32-x64": ["@typescript/typescript-win32-x64@7.0.2", "", { "os": "win32", "cpu": "x64" }, "sha512-0BQ3HkAHHlKLSp1qRvf3SUhGpGsDuhB/jgFw75guyqbxJqEaS0Cw/VFO8i2nHglJUzQCRtMMR/IBAKE3ETMC4g=="],

    "add-stream": ["add-stream@1.0.0", "", {}, "sha512-qQLMr+8o0WC4FZGQTcJiKBVC59JylcPSrTtk6usvmIDFUOCKegapy1VHQwRbFMOFyb/inzUVqHs+eMYKDM1YeQ=="],

    "array-ify": ["array-ify@1.0.0", "", {}, "sha512-c5AMf34bKdvPhQ7tBGhqkgKNUzMr4WUs+WDtC2ZUGOUncbxKMTvqxYctiseW3+L4bA8ec+GcZ6/A/FW4m8ukng=="],

    "bun-types": ["bun-types@1.3.14", "", { "dependencies": { "@types/node": "*" } }, "sha512-4N0ig0fEomHt5R0KCFWjovxow98rIoRwKolrYdCcknNwMekCXRnWEUvgu5soYV8QXtVsrUD8B95MBOZGPvr6KQ=="],

    "compare-func": ["compare-func@2.0.0", "", { "dependencies": { "array-ify": "^1.0.0", "dot-prop": "^5.1.0" } }, "sha512-zHig5N+tPWARooBnb0Zx1MFcdfpyJrfTJ3Y5L+IFvUm8rM74hHz66z0gw0x4tijh5CorKkKUCnW82R2vmpeCRA=="],

    "conventional-changelog": ["conventional-changelog@6.0.0", "", { "dependencies": { "conventional-changelog-angular": "^8.0.0", "conventional-changelog-atom": "^5.0.0", "conventional-changelog-codemirror": "^5.0.0", "conventional-changelog-conventionalcommits": "^8.0.0", "conventional-changelog-core": "^8.0.0", "conventional-changelog-ember": "^5.0.0", "conventional-changelog-eslint": "^6.0.0", "conventional-changelog-express": "^5.0.0", "conventional-changelog-jquery": "^6.0.0", "conventional-changelog-jshint": "^5.0.0", "conventional-changelog-preset-loader": "^5.0.0" } }, "sha512-tuUH8H/19VjtD9Ig7l6TQRh+Z0Yt0NZ6w/cCkkyzUbGQTnUEmKfGtkC9gGfVgCfOL1Rzno5NgNF4KY8vR+Jo3w=="],

    "conventional-changelog-angular": ["conventional-changelog-angular@8.3.0", "", { "dependencies": { "compare-func": "^2.0.0" } }, "sha512-DOuBwYSqWzfwuRByY9O4oOIvDlkUCTDzfbOgcSbkY+imXXj+4tmrEFao3K+FxemClYfYnZzsvudbwrhje9VHDA=="],

    "conventional-changelog-atom": ["conventional-changelog-atom@5.1.0", "", {}, "sha512-fw7GpI9jHNCWGBnTsPRI452ypQbNupGwsjrXfozvRNE0c92pJRpoj9rXfzDKUYJcsmk0H4XKaQjhjelwI9z27w=="],

    "conventional-changelog-cli": ["conventional-changelog-cli@5.0.0", "", { "dependencies": { "add-stream": "^1.0.0", "conventional-changelog": "^6.0.0", "meow": "^13.0.0", "tempfile": "^5.0.0" }, "bin": { "conventional-changelog": "cli.js" } }, "sha512-9Y8fucJe18/6ef6ZlyIlT2YQUbczvoQZZuYmDLaGvcSBP+M6h+LAvf7ON7waRxKJemcCII8Yqu5/8HEfskTxJQ=="],

    "conventional-changelog-codemirror": ["conventional-changelog-codemirror@5.1.0", "", {}, "sha512-iXhy63YczB+yWA9DrsYbquSYLvWKsK9M3WC+xQPEm8cOn4oXzKpmTp2uH3qi7+i10oTcGJTvq9lsBpZmMADaNg=="],

    "conventional-changelog-conventionalcommits": ["conventional-changelog-conventionalcommits@8.0.0", "", { "dependencies": { "compare-func": "^2.0.0" } }, "sha512-eOvlTO6OcySPyyyk8pKz2dP4jjElYunj9hn9/s0OB+gapTO8zwS9UQWrZ1pmF2hFs3vw1xhonOLGcGjy/zgsuA=="],

    "conventional-changelog-core": ["conventional-changelog-core@8.0.0", "", { "dependencies": { "@hutson/parse-repository-url": "^5.0.0", "add-stream": "^1.0.0", "conventional-changelog-writer": "^8.0.0", "conventional-commits-parser": "^6.0.0", "git-raw-commits": "^5.0.0", "git-semver-tags": "^8.0.0", "hosted-git-info": "^7.0.0", "normalize-package-data": "^6.0.0", "read-package-up": "^11.0.0", "read-pkg": "^9.0.0" } }, "sha512-EATUx5y9xewpEe10UEGNpbSHRC6cVZgO+hXQjofMqpy+gFIrcGvH3Fl6yk2VFKh7m+ffenup2N7SZJYpyD9evw=="],

    "conventional-changelog-ember": ["conventional-changelog-ember@5.1.0", "", {}, "sha512-XNcgGcdJt7wh341BBML0CI8DKpqE5lKD1WahzFHGZFvKTzJr1rZW976cw7beqKLOBbzdrH9ZIkE/s2TfbOuM3g=="],

    "conventional-changelog-eslint": ["conventional-changelog-eslint@6.1.0", "", {}, "sha512-beWr3qzuEMN9gznMWa8PhTVfGkGXoq+XnUzViNXg5KygrgV728ZRqZngz3uPhz5+ayUhPrpNFYqIE0qHWz9NAw=="],

    "conventional-changelog-express": ["conventional-changelog-express@5.1.0", "", {}, "sha512-g/s9eLohrefYTSNQaB6+k0ONbiVx41YOKBbIOIM3ST/NtedAgppCJnrpKXVN9sOmpPkN4vjFwURlfvpEDUjoeg=="],

    "conventional-changelog-jquery": ["conventional-changelog-jquery@6.1.0", "", {}, "sha512-/sFhULybhFrMg+qc8MHHHSj7kTVMfx5C7rSM6Z9EjduVoAQJdGRq/wpv/SWPMQ+KPNSYHqDLwm/x2Z5hOcYvqQ=="],

    "conventional-changelog-jshint": ["conventional-changelog-jshint@5.2.0", "", { "dependencies": { "compare-func": "^2.0.0" } }, "sha512-OaatyvHXP1fjI7Mx0b1IkmhbhTsVHsytnsQSkOj4rhGbFMoTcfvbwm/vAtCzRMXOxojK1EDMBBmBj1pM9KNy/Q=="],

    "conventional-changelog-preset-loader": ["conventional-changelog-preset-loader@5.0.0", "", {}, "sha512-SetDSntXLk8Jh1NOAl1Gu5uLiCNSYenB5tm0YVeZKePRIgDW9lQImromTwLa3c/Gae298tsgOM+/CYT9XAl0NA=="],

    "conventional-changelog-writer": ["conventional-changelog-writer@8.4.0", "", { "dependencies": { "@simple-libs/stream-utils": "^1.2.0", "conventional-commits-filter": "^5.0.0", "handlebars": "^4.7.7", "meow": "^13.0.0", "semver": "^7.5.2" }, "bin": { "conventional-changelog-writer": "dist/cli/index.js" } }, "sha512-HHBFkk1EECxxmCi4CTu091iuDpQv5/OavuCUAuZmrkWpmYfyD816nom1CvtfXJ/uYfAAjavgHvXHX291tSLK8g=="],

    "conventional-commits-filter": ["conventional-commits-filter@5.0.0", "", {}, "sha512-tQMagCOC59EVgNZcC5zl7XqO30Wki9i9J3acbUvkaosCT6JX3EeFwJD7Qqp4MCikRnzS18WXV3BLIQ66ytu6+Q=="],

    "conventional-commits-parser": ["conventional-commits-parser@6.3.0", "", { "dependencies": { "@simple-libs/stream-utils": "^1.2.0", "meow": "^13.0.0" }, "bin": { "conventional-commits-parser": "dist/cli/index.js" } }, "sha512-RfOq/Cqy9xV9bOA8N+ZH6DlrDR+5S3Mi0B5kACEjESpE+AviIpAptx9a9cFpWCCvgRtWT+0BbUw+e1BZfts9jg=="],

    "dot-prop": ["dot-prop@5.3.0", "", { "dependencies": { "is-obj": "^2.0.0" } }, "sha512-QM8q3zDe58hqUqjraQOmzZ1LIH9SWQJTlEKCH4kJ2oQvLZk7RbQXvtDM2XEq3fwkV9CCvvH4LA0AV+ogFsBM2Q=="],

    "find-up-simple": ["find-up-simple@1.0.1", "", {}, "sha512-afd4O7zpqHeRyg4PfDQsXmlDe2PfdHtJt6Akt8jOWaApLOZk5JXs6VMR29lz03pRe9mpykrRCYIYxaJYcfpncQ=="],

    "git-raw-commits": ["git-raw-commits@5.0.1", "", { "dependencies": { "@conventional-changelog/git-client": "^2.6.0", "meow": "^13.0.0" }, "bin": { "git-raw-commits": "src/cli.js" } }, "sha512-Y+csSm2GD/PCSh6Isd/WiMjNAydu0VBiG9J7EdQsNA5P9uXvLayqjmTsNlK5Gs9IhblFZqOU0yid5Il5JPoLiQ=="],

    "git-semver-tags": ["git-semver-tags@8.0.1", "", { "dependencies": { "@conventional-changelog/git-client": "^2.6.0", "meow": "^13.0.0" }, "bin": { "git-semver-tags": "src/cli.js" } }, "sha512-zMbamckSNdlT4U48IMFa2Cn6FTzM+2yF6/gEmStPJI8PiLxd/bT6dw10+mc6u5Qe4fhrc/y9nU290FWjQhAV7g=="],

    "handlebars": ["handlebars@4.7.8", "", { "dependencies": { "minimist": "^1.2.5", "neo-async": "^2.6.2", "source-map": "^0.6.1", "wordwrap": "^1.0.0" }, "optionalDependencies": { "uglify-js": "^3.1.4" }, "bin": { "handlebars": "bin/handlebars" } }, "sha512-vafaFqs8MZkRrSX7sFVUdo3ap/eNiLnb4IakshzvP56X5Nr1iGKAIqdX6tMlm6HcNRIkr6AxO5jFEoJzzpT8aQ=="],

    "hosted-git-info": ["hosted-git-info@7.0.2", "", { "dependencies": { "lru-cache": "^10.0.1" } }, "sha512-puUZAUKT5m8Zzvs72XWy3HtvVbTWljRE66cP60bxJzAqf2DgICo7lYTY2IHUmLnNpjYvw5bvmoHvPc0QO2a62w=="],

    "index-to-position": ["index-to-position@1.2.0", "", {}, "sha512-Yg7+ztRkqslMAS2iFaU+Oa4KTSidr63OsFGlOrJoW981kIYO3CGCS3wA95P1mUi/IVSJkn0D479KTJpVpvFNuw=="],

    "is-obj": ["is-obj@2.0.0", "", {}, "sha512-drqDG3cbczxxEJRoOXcOjtdp1J/lyp1mNn0xaznRs8+muBhgQcrnbspox5X5fOw0HnMnbfDzvnEMEtqDEJEo8w=="],

    "js-tokens": ["js-tokens@4.0.0", "", {}, "sha512-RdJUflcE3cUzKiMqQgsCu06FPu9UdIJO0beYbPhHN4k6apgJtifcoCtT9bcxOpYBtpD2kCM6Sbzg4CausW/PKQ=="],

    "ky": ["ky@1.14.3", "", {}, "sha512-9zy9lkjac+TR1c2tG+mkNSVlyOpInnWdSMiue4F+kq8TwJSgv6o8jhLRg8Ho6SnZ9wOYUq/yozts9qQCfk7bIw=="],

    "lint-staged": ["lint-staged@17.3.0", "", { "dependencies": { "picomatch": "^4.0.5", "string-argv": "^0.3.2", "tinyexec": "^1.2.4" }, "optionalDependencies": { "yaml": "^2.9.0" }, "bin": { "lint-staged": "bin/lint-staged.js" } }, "sha512-woZS3vNe3UKqBaLPvbLOtKRY4tLANpWQhom12MGWqC8Mh1lCOO+WgSwmX2amjJAqTY9BkXYW87fCUH5H9Ph6xw=="],

    "lru-cache": ["lru-cache@10.4.3", "", {}, "sha512-JNAzZcXrCt42VGLuYz0zfAzDfAvJWW6AfYlDBQyDV5DClI2m5sAmK+OIO7s59XfsRsWHp02jAJrRadPRGTt6SQ=="],

    "meow": ["meow@13.2.0", "", {}, "sha512-pxQJQzB6djGPXh08dacEloMFopsOqGVRKFPYvPOt9XDZ1HasbgDZA74CJGreSU4G3Ak7EFJGoiH2auq+yXISgA=="],

    "minimist": ["minimist@1.2.8", "", {}, "sha512-2yyAR8qBkN3YuheJanUpWC5U3bb5osDywNB8RzDVlDwDHbocAJveqqj1u8+SVD7jkWT4yvsHCpWqqWqAxb0zCA=="],

    "neo-async": ["neo-async@2.6.2", "", {}, "sha512-Yd3UES5mWCSqR+qNT93S3UoYUkqAZ9lLg8a7g9rimsWmYGK8cVToA4/sF3RrshdyV3sAGMXVUmpMYOw+dLpOuw=="],

    "normalize-package-data": ["normalize-package-data@6.0.2", "", { "dependencies": { "hosted-git-info": "^7.0.0", "semver": "^7.3.5", "validate-npm-package-license": "^3.0.4" } }, "sha512-V6gygoYb/5EmNI+MEGrWkC+e6+Rr7mTmfHrxDbLzxQogBkgzo76rkok0Am6thgSF7Mv2nLOajAJj5vDJZEFn7g=="],

    "oxfmt": ["oxfmt@0.64.0", "", { "dependencies": { "tinypool": "2.1.0" }, "optionalDependencies": { "@oxfmt/binding-android-arm-eabi": "0.64.0", "@oxfmt/binding-android-arm64": "0.64.0", "@oxfmt/binding-darwin-arm64": "0.64.0", "@oxfmt/binding-darwin-x64": "0.64.0", "@oxfmt/binding-freebsd-x64": "0.64.0", "@oxfmt/binding-linux-arm-gnueabihf": "0.64.0", "@oxfmt/binding-linux-arm-musleabihf": "0.64.0", "@oxfmt/binding-linux-arm64-gnu": "0.64.0", "@oxfmt/binding-linux-arm64-musl": "0.64.0", "@oxfmt/binding-linux-ppc64-gnu": "0.64.0", "@oxfmt/binding-linux-riscv64-gnu": "0.64.0", "@oxfmt/binding-linux-riscv64-musl": "0.64.0", "@oxfmt/binding-linux-s390x-gnu": "0.64.0", "@oxfmt/binding-linux-x64-gnu": "0.64.0", "@oxfmt/binding-linux-x64-musl": "0.64.0", "@oxfmt/binding-openharmony-arm64": "0.64.0", "@oxfmt/binding-win32-arm64-msvc": "0.64.0", "@oxfmt/binding-win32-ia32-msvc": "0.64.0", "@oxfmt/binding-win32-x64-msvc": "0.64.0" }, "peerDependencies": { "svelte": "^5.0.0", "vite-plus": "*" }, "optionalPeers": ["svelte", "vite-plus"], "bin": { "oxfmt": "bin/oxfmt" } }, "sha512-XZ4GFBN/PLbXKq+0zrgpQfPKYuJlUuj+nzZJY7UpIbFMNyefNLCdN9EwViycNqnYcv0wrn0jXcQLlqJp8RCKBg=="],

    "oxlint": ["oxlint@1.79.0", "", { "optionalDependencies": { "@oxlint/binding-android-arm-eabi": "1.79.0", "@oxlint/binding-android-arm64": "1.79.0", "@oxlint/binding-darwin-arm64": "1.79.0", "@oxlint/binding-darwin-x64": "1.79.0", "@oxlint/binding-freebsd-x64": "1.79.0", "@oxlint/binding-linux-arm-gnueabihf": "1.79.0", "@oxlint/binding-linux-arm-musleabihf": "1.79.0", "@oxlint/binding-linux-arm64-gnu": "1.79.0", "@oxlint/binding-linux-arm64-musl": "1.79.0", "@oxlint/binding-linux-ppc64-gnu": "1.79.0", "@oxlint/binding-linux-riscv64-gnu": "1.79.0", "@oxlint/binding-linux-riscv64-musl": "1.79.0", "@oxlint/binding-linux-s390x-gnu": "1.79.0", "@oxlint/binding-linux-x64-gnu": "1.79.0", "@oxlint/binding-linux-x64-musl": "1.79.0", "@oxlint/binding-openharmony-arm64": "1.79.0", "@oxlint/binding-win32-arm64-msvc": "1.79.0", "@oxlint/binding-win32-ia32-msvc": "1.79.0", "@oxlint/binding-win32-x64-msvc": "1.79.0" }, "peerDependencies": { "oxlint-tsgolint": ">=7.0.2001", "vite-plus": "*" }, "optionalPeers": ["oxlint-tsgolint", "vite-plus"], "bin": { "oxlint": "bin/oxlint" } }, "sha512-hVJ9hq9m2unPS+Of4eJJgCPdIeCC+3DHEUX3tkmrPJr3OK2hz7PhXwgC+ZP71ZcYu8cCDEtQrqLxWNvxBppBVg=="],

    "parse-json": ["parse-json@8.3.0", "", { "dependencies": { "@babel/code-frame": "^7.26.2", "index-to-position": "^1.1.0", "type-fest": "^4.39.1" } }, "sha512-ybiGyvspI+fAoRQbIPRddCcSTV9/LsJbf0e/S85VLowVGzRmokfneg2kwVW/KU5rOXrPSbF1qAKPMgNTqqROQQ=="],

    "picocolors": ["picocolors@1.1.1", "", {}, "sha512-xceH2snhtb5M9liqDsmEw56le376mTZkEX/jEb/RxNFyegNul7eNslCXP9FDj/Lcu0X8KEyMceP2ntpaHrDEVA=="],

    "picomatch": ["picomatch@4.0.5", "", {}, "sha512-RvwwcruNjI1ncT5xRakeyS9Lf8lcItv34KD+aif+VH9kduAyfYBipGh12274xtenIPZ119/R9BdTBa8gAwSh0A=="],

    "read-package-up": ["read-package-up@11.0.0", "", { "dependencies": { "find-up-simple": "^1.0.0", "read-pkg": "^9.0.0", "type-fest": "^4.6.0" } }, "sha512-MbgfoNPANMdb4oRBNg5eqLbB2t2r+o5Ua1pNt8BqGp4I0FJZhuVSOj3PaBPni4azWuSzEdNn2evevzVmEk1ohQ=="],

    "read-pkg": ["read-pkg@9.0.1", "", { "dependencies": { "@types/normalize-package-data": "^2.4.3", "normalize-package-data": "^6.0.0", "parse-json": "^8.0.0", "type-fest": "^4.6.0", "unicorn-magic": "^0.1.0" } }, "sha512-9viLL4/n1BJUCT1NXVTdS1jtm80yDEgR5T4yCelII49Mbj0v1rZdKqj7zCiYdbB0CuCgdrvHcNogAKTFPBocFA=="],

    "semver": ["semver@7.7.4", "", { "bin": { "semver": "bin/semver.js" } }, "sha512-vFKC2IEtQnVhpT78h1Yp8wzwrf8CM+MzKMHGJZfBtzhZNycRFnXsHk6E5TxIkkMsgNS7mdX3AGB7x2QM2di4lA=="],

    "source-map": ["source-map@0.6.1", "", {}, "sha512-UjgapumWlbMhkBgzT7Ykc5YXUT46F0iKu8SGXq0bcwP5dz/h0Plj6enJqjz1Zbq2l5WaqYnrVbwWOWMyF3F47g=="],

    "spdx-correct": ["spdx-correct@3.2.0", "", { "dependencies": { "spdx-expression-parse": "^3.0.0", "spdx-license-ids": "^3.0.0" } }, "sha512-kN9dJbvnySHULIluDHy32WHRUu3Og7B9sbY7tsFLctQkIqnMh3hErYgdMjTYuqmcXX+lK5T1lnUt3G7zNswmZA=="],

    "spdx-exceptions": ["spdx-exceptions@2.5.0", "", {}, "sha512-PiU42r+xO4UbUS1buo3LPJkjlO7430Xn5SVAhdpzzsPHsjbYVflnnFdATgabnLude+Cqu25p6N+g2lw/PFsa4w=="],

    "spdx-expression-parse": ["spdx-expression-parse@3.0.1", "", { "dependencies": { "spdx-exceptions": "^2.1.0", "spdx-license-ids": "^3.0.0" } }, "sha512-cbqHunsQWnJNE6KhVSMsMeH5H/L9EpymbzqTQ3uLwNCLZ1Q481oWaofqH7nO6V07xlXwY6PhQdQ2IedWx/ZK4Q=="],

    "spdx-license-ids": ["spdx-license-ids@3.0.23", "", {}, "sha512-CWLcCCH7VLu13TgOH+r8p1O/Znwhqv/dbb6lqWy67G+pT1kHmeD/+V36AVb/vq8QMIQwVShJ6Ssl5FPh0fuSdw=="],

    "string-argv": ["string-argv@0.3.2", "", {}, "sha512-aqD2Q0144Z+/RqG52NeHEkZauTAUWJO8c6yTftGJKO3Tja5tUgIfmIl6kExvhtxSDP7fXB6DvzkfMpCd/F3G+Q=="],

    "temp-dir": ["temp-dir@3.0.0", "", {}, "sha512-nHc6S/bwIilKHNRgK/3jlhDoIHcp45YgyiwcAk46Tr0LfEqGBVpmiAyuiuxeVE44m3mXnEeVhaipLOEWmH+Njw=="],

    "tempfile": ["tempfile@5.0.0", "", { "dependencies": { "temp-dir": "^3.0.0" } }, "sha512-bX655WZI/F7EoTDw9JvQURqAXiPHi8o8+yFxPF2lWYyz1aHnmMRuXWqL6YB6GmeO0o4DIYWHLgGNi/X64T+X4Q=="],

    "tinyexec": ["tinyexec@1.3.0", "", {}, "sha512-QKAl9m8gWWGHV8jZcPeym6j+XULi6tOf1mT83WYJ4Lk2ytW/uwAWkrP0uFsdoYMdueVJ0qs26wZ+23xeB4ibNQ=="],

    "tinypool": ["tinypool@2.1.0", "", {}, "sha512-Pugqs6M0m7Lv1I7FtxN4aoyToKg1C4tu+/381vH35y8oENM/Ai7f7C4StcoK4/+BSw9ebcS8jRiVrORFKCALLw=="],

    "type-fest": ["type-fest@4.41.0", "", {}, "sha512-TeTSQ6H5YHvpqVwBRcnLDCBnDOHWYu7IvGbHT6N8AOymcr9PJGjc1GTtiWZTYg0NCgYwvnYWEkVChQAr9bjfwA=="],

    "typescript": ["typescript@7.0.2", "", { "optionalDependencies": { "@typescript/typescript-aix-ppc64": "7.0.2", "@typescript/typescript-darwin-arm64": "7.0.2", "@typescript/typescript-darwin-x64": "7.0.2", "@typescript/typescript-freebsd-arm64": "7.0.2", "@typescript/typescript-freebsd-x64": "7.0.2", "@typescript/typescript-linux-arm": "7.0.2", "@typescript/typescript-linux-arm64": "7.0.2", "@typescript/typescript-linux-loong64": "7.0.2", "@typescript/typescript-linux-mips64el": "7.0.2", "@typescript/typescript-linux-ppc64": "7.0.2", "@typescript/typescript-linux-riscv64": "7.0.2", "@typescript/typescript-linux-s390x": "7.0.2", "@typescript/typescript-linux-x64": "7.0.2", "@typescript/typescript-netbsd-arm64": "7.0.2", "@typescript/typescript-netbsd-x64": "7.0.2", "@typescript/typescript-openbsd-arm64": "7.0.2", "@typescript/typescript-openbsd-x64": "7.0.2", "@typescript/typescript-sunos-x64": "7.0.2", "@typescript/typescript-win32-arm64": "7.0.2", "@typescript/typescript-win32-x64": "7.0.2" }, "bin": { "tsc": "bin/tsc" } }, "sha512-8FYau96o3NKOhbjKi/qNvG/W5jhzxkbdm5sj9AbZ/5T5sWqn3hJgLfGx27sRKZWTvyzCP8dLRBTf5tBTSRVUNA=="],

    "uglify-js": ["uglify-js@3.19.3", "", { "bin": { "uglifyjs": "bin/uglifyjs" } }, "sha512-v3Xu+yuwBXisp6QYTcH4UbH+xYJXqnq2m/LtQVWKWzYc1iehYnLixoQDN9FH6/j9/oybfd6W9Ghwkl8+UMKTKQ=="],

    "undici-types": ["undici-types@8.3.0", "", {}, "sha512-j375ScV60dom+YkPFIfTLcOiPxkN/buHz5GobjLhixFuANaNs3C9l4GmrWqejgXWJ7BbJcFYpTEUkS1Ge8bpZQ=="],

    "unicorn-magic": ["unicorn-magic@0.1.0", "", {}, "sha512-lRfVq8fE8gz6QMBuDM6a+LO3IAzTi05H6gCVaUpir2E1Rwpo4ZUog45KpNXKC/Mn3Yb9UDuHumeFTo9iV/D9FQ=="],

    "validate-npm-package-license": ["validate-npm-package-license@3.0.4", "", { "dependencies": { "spdx-correct": "^3.0.0", "spdx-expression-parse": "^3.0.0" } }, "sha512-DpKm2Ui/xN7/HQKCtpZxoRWBhZ9Z0kqtygG8XCgNQ8ZlDnxuQmWhj566j8fN4Cu3/JmbhsDo7fcAJq4s9h27Ew=="],

    "wordwrap": ["wordwrap@1.0.0", "", {}, "sha512-gvVzJFlPycKc5dZN4yPkP8w7Dc37BtP1yczEneOb4uq34pXZcvrtRTmWV8W+Ume+XCxKgbjM+nevkyFPMybd4Q=="],

    "yaml": ["yaml@2.9.0", "", { "bin": { "yaml": "bin.mjs" } }, "sha512-2AvhNX3mb8zd6Zy7INTtSpl1F15HW6Wnqj0srWlkKLcpYl/gMIMJiyuGq2KeI2YFxUPjdlB+3Lc10seMLtL4cA=="],

    "bun-types/@types/node": ["@types/node@25.5.0", "", { "dependencies": { "undici-types": "~7.18.0" } }, "sha512-jp2P3tQMSxWugkCUKLRPVUpGaL5MVFwF8RDuSRztfwgN1wmqJeMSbKlnEtQqU8UrhTmzEmZdu2I6v2dpp7XIxw=="],

    "bun-types/@types/node/undici-types": ["undici-types@7.18.2", "", {}, "sha512-AsuCzffGHJybSaRrmr5eHr81mwJU3kjw6M+uprWvCXiNeN9SOGwQ3Jn8jb8m3Z6izVgknn1R0FTCEAP2QrLY/w=="],
  }
}
